{
  "name": "tone-tutorial",
  "version": "1.0.0",
  "lockfileVersion": 1,
  "requires": true,
  "dependencies": {
    "confetti-js": {
      "version": "0.0.17",
      "resolved": "https://registry.npmjs.org/confetti-js/-/confetti-js-0.0.17.tgz",
      "integrity": "sha512-fuXRujAzoOZ5D2mT2Mtytp094DANipXjB3fc+8T9wrhv9grXUWJwhpwTs3r2YfwFYeriouWySB1vkVpHTi2u+A=="
    },
    "tone": {
      "version": "13.8.25",
      "resolved": "https://registry.npmjs.org/tone/-/tone-13.8.25.tgz",
      "integrity": "sha512-8QqmLn+/R+Urib/78zf93+NqFLddXS777kQO7+EbJHwqy+nmug+SJFRp2KIytT0LQY2sJBiopNb2ceHA8uQQJg=="
    }
  }
}
